
Microsoft Visual Studio Solution File, Format Version 12.00
# Visual Studio Version 17
VisualStudioVersion = 17.8.34601.278
MinimumVisualStudioVersion = 10.0.40219.1
Project("{FAE04EC0-301F-11D3-BF4B-00C04F79EFBC}") = "SeriLogX", "SeriLogX\SeriLogX.csproj", "{CF138655-97F2-45B8-B42D-3809E1866547}"
EndProject
Global
	GlobalSection(SolutionConfigurationPlatforms) = preSolution
		Debug|Any CPU = Debug|Any CPU
		Release|Any CPU = Release|Any CPU
	EndGlobalSection
	GlobalSection(ProjectConfigurationPlatforms) = postSolution
		{CF138655-97F2-45B8-B42D-3809E1866547}.Debug|Any CPU.ActiveCfg = Debug|Any CPU
		{CF138655-97F2-45B8-B42D-3809E1866547}.Debug|Any CPU.Build.0 = Debug|Any CPU
		{CF138655-97F2-45B8-B42D-3809E1866547}.Release|Any CPU.ActiveCfg = Release|Any CPU
		{CF138655-97F2-45B8-B42D-3809E1866547}.Release|Any CPU.Build.0 = Release|Any CPU
	EndGlobalSection
	GlobalSection(SolutionProperties) = preSolution
		HideSolutionNode = FALSE
	EndGlobalSection
	GlobalSection(ExtensibilityGlobals) = postSolution
		SolutionGuid = {A7C36975-E8B4-41B0-BA9C-AFC23253B937}
	EndGlobalSection
EndGlobal
